
Microsoft Visual Studio Solution File, Format Version 12.00
# Visual Studio Version 17
VisualStudioVersion = 17.5.002.0
MinimumVisualStudioVersion = 10.0.40219.1
Project("{9A19103F-16F7-4668-BE54-9A1E7A4F7556}") = "DesafioFundamentos", "DesafioFundamentos.csproj", "{EA431F5B-EA02-4939-B153-D09873A106EC}"
EndProject
Global
	GlobalSection(SolutionConfigurationPlatforms) = preSolution
		Debug|Any CPU = Debug|Any CPU
		Release|Any CPU = Release|Any CPU
	EndGlobalSection
	GlobalSection(ProjectConfigurationPlatforms) = postSolution
		{EA431F5B-EA02-4939-B153-D09873A106EC}.Debug|Any CPU.ActiveCfg = Debug|Any CPU
		{EA431F5B-EA02-4939-B153-D09873A106EC}.Debug|Any CPU.Build.0 = Debug|Any CPU
		{EA431F5B-EA02-4939-B153-D09873A106EC}.Release|Any CPU.ActiveCfg = Release|Any CPU
		{EA431F5B-EA02-4939-B153-D09873A106EC}.Release|Any CPU.Build.0 = Release|Any CPU
	EndGlobalSection
	GlobalSection(SolutionProperties) = preSolution
		HideSolutionNode = FALSE
	EndGlobalSection
	GlobalSection(ExtensibilityGlobals) = postSolution
		SolutionGuid = {A9C8A8DC-38EA-43B7-B31C-CCCD5038AFFF}
	EndGlobalSection
EndGlobal
